
Microsoft Visual Studio Solution File, Format Version 12.00
# Visual Studio 15
VisualStudioVersion = 15.0.27130.2036
MinimumVisualStudioVersion = 10.0.40219.1
Project("{FAE04EC0-301F-11D3-BF4B-00C04F79EFBC}") = "JwtValidator", "JwtValidator\JwtValidator.csproj", "{7F403E5D-51CF-4ACA-A9DB-BB47ED268EAB}"
EndProject
Global
	GlobalSection(SolutionConfigurationPlatforms) = preSolution
		Debug|Any CPU = Debug|Any CPU
		Release|Any CPU = Release|Any CPU
	EndGlobalSection
	GlobalSection(ProjectConfigurationPlatforms) = postSolution
		{7F403E5D-51CF-4ACA-A9DB-BB47ED268EAB}.Debug|Any CPU.ActiveCfg = Debug|Any CPU
		{7F403E5D-51CF-4ACA-A9DB-BB47ED268EAB}.Debug|Any CPU.Build.0 = Debug|Any CPU
		{7F403E5D-51CF-4ACA-A9DB-BB47ED268EAB}.Release|Any CPU.ActiveCfg = Release|Any CPU
		{7F403E5D-51CF-4ACA-A9DB-BB47ED268EAB}.Release|Any CPU.Build.0 = Release|Any CPU
	EndGlobalSection
	GlobalSection(SolutionProperties) = preSolution
		HideSolutionNode = FALSE
	EndGlobalSection
	GlobalSection(ExtensibilityGlobals) = postSolution
		SolutionGuid = {9D0FC083-8A8A-47E8-A006-9EB2BA927B88}
	EndGlobalSection
EndGlobal
